
Microsoft Visual Studio Solution File, Format Version 12.00
# Visual Studio Version 17
VisualStudioVersion = 17.8.34330.188
MinimumVisualStudioVersion = 10.0.40219.1
Project("{FAE04EC0-301F-11D3-BF4B-00C04F79EFBC}") = "NetworkUtility.Tests", "NetworkUtility.Tests\NetworkUtility.Tests.csproj", "{CF98601C-4EB2-474C-ADB8-D1856C015844}"
EndProject
Project("{FAE04EC0-301F-11D3-BF4B-00C04F79EFBC}") = "NetworkUtility", "NetworkUtility\NetworkUtility.csproj", "{953A48B3-8AD7-40CC-9BDA-7E6DB596F680}"
EndProject
Global
	GlobalSection(SolutionConfigurationPlatforms) = preSolution
		Debug|Any CPU = Debug|Any CPU
		Release|Any CPU = Release|Any CPU
	EndGlobalSection
	GlobalSection(ProjectConfigurationPlatforms) = postSolution
		{CF98601C-4EB2-474C-ADB8-D1856C015844}.Debug|Any CPU.ActiveCfg = Debug|Any CPU
		{CF98601C-4EB2-474C-ADB8-D1856C015844}.Debug|Any CPU.Build.0 = Debug|Any CPU
		{CF98601C-4EB2-474C-ADB8-D1856C015844}.Release|Any CPU.ActiveCfg = Release|Any CPU
		{CF98601C-4EB2-474C-ADB8-D1856C015844}.Release|Any CPU.Build.0 = Release|Any CPU
		{953A48B3-8AD7-40CC-9BDA-7E6DB596F680}.Debug|Any CPU.ActiveCfg = Debug|Any CPU
		{953A48B3-8AD7-40CC-9BDA-7E6DB596F680}.Debug|Any CPU.Build.0 = Debug|Any CPU
		{953A48B3-8AD7-40CC-9BDA-7E6DB596F680}.Release|Any CPU.ActiveCfg = Release|Any CPU
		{953A48B3-8AD7-40CC-9BDA-7E6DB596F680}.Release|Any CPU.Build.0 = Release|Any CPU
	EndGlobalSection
	GlobalSection(SolutionProperties) = preSolution
		HideSolutionNode = FALSE
	EndGlobalSection
	GlobalSection(ExtensibilityGlobals) = postSolution
		SolutionGuid = {830476E2-85FA-4853-89D9-59FEA7B1306E}
	EndGlobalSection
EndGlobal
