
Microsoft Visual Studio Solution File, Format Version 12.00
# Visual Studio Version 17
VisualStudioVersion = 17.8.34330.188
MinimumVisualStudioVersion = 10.0.40219.1
Project("{FAE04EC0-301F-11D3-BF4B-00C04F79EFBC}") = "efcore_xunit", "efcore_xunit\efcore_xunit.csproj", "{F9C972E7-9C73-47E6-A554-E17911E961B6}"
EndProject
Global
	GlobalSection(SolutionConfigurationPlatforms) = preSolution
		Debug|Any CPU = Debug|Any CPU
		Release|Any CPU = Release|Any CPU
	EndGlobalSection
	GlobalSection(ProjectConfigurationPlatforms) = postSolution
		{F9C972E7-9C73-47E6-A554-E17911E961B6}.Debug|Any CPU.ActiveCfg = Debug|Any CPU
		{F9C972E7-9C73-47E6-A554-E17911E961B6}.Debug|Any CPU.Build.0 = Debug|Any CPU
		{F9C972E7-9C73-47E6-A554-E17911E961B6}.Release|Any CPU.ActiveCfg = Release|Any CPU
		{F9C972E7-9C73-47E6-A554-E17911E961B6}.Release|Any CPU.Build.0 = Release|Any CPU
	EndGlobalSection
	GlobalSection(SolutionProperties) = preSolution
		HideSolutionNode = FALSE
	EndGlobalSection
	GlobalSection(ExtensibilityGlobals) = postSolution
		SolutionGuid = {830476E2-85FA-4853-89D9-59FEA7B1306E}
	EndGlobalSection
EndGlobal
